
Microsoft Visual Studio Solution File, Format Version 12.00
# Visual Studio Version 16
VisualStudioVersion = 16.0.30907.101
MinimumVisualStudioVersion = 10.0.40219.1
Project("{9A19103F-16F7-4668-BE54-9A1E7A4F7556}") = "VenturaHRPB", "VenturaHRPB.csproj", "{05C2587D-0D58-4D9D-9CE2-5CE215E52CA8}"
EndProject
Project("{2150E333-8FDC-42A3-9474-1A3956D46DE8}") = "1 - Apresentação", "1 - Apresentação", "{1B061C47-A80F-4BBC-A45D-B954101B1643}"
EndProject
Project("{2150E333-8FDC-42A3-9474-1A3956D46DE8}") = "2 - Dominio", "2 - Dominio", "{21D19FB7-0F9C-4C48-B33C-13C6CE503131}"
EndProject
Project("{2150E333-8FDC-42A3-9474-1A3956D46DE8}") = "3 - Dados", "3 - Dados", "{A3AE23BD-DED1-4896-AC81-44202893242D}"
EndProject
Project("{FAE04EC0-301F-11D3-BF4B-00C04F79EFBC}") = "VenturaHRPB.Model", "..\VenturaHRPB.Model\VenturaHRPB.Model.csproj", "{80DE3761-6228-4E4A-A22F-927669FA1BDB}"
EndProject
Global
	GlobalSection(SolutionConfigurationPlatforms) = preSolution
		Debug|Any CPU = Debug|Any CPU
		Release|Any CPU = Release|Any CPU
	EndGlobalSection
	GlobalSection(ProjectConfigurationPlatforms) = postSolution
		{05C2587D-0D58-4D9D-9CE2-5CE215E52CA8}.Debug|Any CPU.ActiveCfg = Debug|Any CPU
		{05C2587D-0D58-4D9D-9CE2-5CE215E52CA8}.Debug|Any CPU.Build.0 = Debug|Any CPU
		{05C2587D-0D58-4D9D-9CE2-5CE215E52CA8}.Release|Any CPU.ActiveCfg = Release|Any CPU
		{05C2587D-0D58-4D9D-9CE2-5CE215E52CA8}.Release|Any CPU.Build.0 = Release|Any CPU
		{80DE3761-6228-4E4A-A22F-927669FA1BDB}.Debug|Any CPU.ActiveCfg = Debug|Any CPU
		{80DE3761-6228-4E4A-A22F-927669FA1BDB}.Debug|Any CPU.Build.0 = Debug|Any CPU
		{80DE3761-6228-4E4A-A22F-927669FA1BDB}.Release|Any CPU.ActiveCfg = Release|Any CPU
		{80DE3761-6228-4E4A-A22F-927669FA1BDB}.Release|Any CPU.Build.0 = Release|Any CPU
	EndGlobalSection
	GlobalSection(SolutionProperties) = preSolution
		HideSolutionNode = FALSE
	EndGlobalSection
	GlobalSection(NestedProjects) = preSolution
		{05C2587D-0D58-4D9D-9CE2-5CE215E52CA8} = {1B061C47-A80F-4BBC-A45D-B954101B1643}
		{80DE3761-6228-4E4A-A22F-927669FA1BDB} = {21D19FB7-0F9C-4C48-B33C-13C6CE503131}
	EndGlobalSection
	GlobalSection(ExtensibilityGlobals) = postSolution
		SolutionGuid = {5EB4F49F-479B-4655-9AF5-5AFCAA7DB986}
	EndGlobalSection
EndGlobal
